
Microsoft Visual Studio Solution File, Format Version 12.00
# Visual Studio Version 16
VisualStudioVersion = 16.0.30907.101
MinimumVisualStudioVersion = 10.0.40219.1
Project("{9A19103F-16F7-4668-BE54-9A1E7A4F7556}") = "MetricsManager", "ASPNET_Project\MetricsManager.csproj", "{616EBACA-15EA-4438-8639-4EC120247303}"
EndProject
Project("{9A19103F-16F7-4668-BE54-9A1E7A4F7556}") = "MetricsManagerTests", "MetricsManagerTests\MetricsManagerTests.csproj", "{F29CABFD-C1CC-4613-8644-9E934539C55F}"
EndProject
Project("{9A19103F-16F7-4668-BE54-9A1E7A4F7556}") = "MetricsAgent", "MetricsAgent\MetricsAgent.csproj", "{286F26CF-5921-4669-A6ED-ADB6DE869C75}"
EndProject
Project("{9A19103F-16F7-4668-BE54-9A1E7A4F7556}") = "MetricsAgentTests", "MetricsAgentTests\MetricsAgentTests.csproj", "{76BE13D4-7E86-4553-A3E7-762B7D1F044B}"
EndProject
Global
	GlobalSection(SolutionConfigurationPlatforms) = preSolution
		Debug|Any CPU = Debug|Any CPU
		Release|Any CPU = Release|Any CPU
	EndGlobalSection
	GlobalSection(ProjectConfigurationPlatforms) = postSolution
		{616EBACA-15EA-4438-8639-4EC120247303}.Debug|Any CPU.ActiveCfg = Debug|Any CPU
		{616EBACA-15EA-4438-8639-4EC120247303}.Debug|Any CPU.Build.0 = Debug|Any CPU
		{616EBACA-15EA-4438-8639-4EC120247303}.Release|Any CPU.ActiveCfg = Release|Any CPU
		{616EBACA-15EA-4438-8639-4EC120247303}.Release|Any CPU.Build.0 = Release|Any CPU
		{F29CABFD-C1CC-4613-8644-9E934539C55F}.Debug|Any CPU.ActiveCfg = Debug|Any CPU
		{F29CABFD-C1CC-4613-8644-9E934539C55F}.Debug|Any CPU.Build.0 = Debug|Any CPU
		{F29CABFD-C1CC-4613-8644-9E934539C55F}.Release|Any CPU.ActiveCfg = Release|Any CPU
		{F29CABFD-C1CC-4613-8644-9E934539C55F}.Release|Any CPU.Build.0 = Release|Any CPU
		{286F26CF-5921-4669-A6ED-ADB6DE869C75}.Debug|Any CPU.ActiveCfg = Debug|Any CPU
		{286F26CF-5921-4669-A6ED-ADB6DE869C75}.Debug|Any CPU.Build.0 = Debug|Any CPU
		{286F26CF-5921-4669-A6ED-ADB6DE869C75}.Release|Any CPU.ActiveCfg = Release|Any CPU
		{286F26CF-5921-4669-A6ED-ADB6DE869C75}.Release|Any CPU.Build.0 = Release|Any CPU
		{76BE13D4-7E86-4553-A3E7-762B7D1F044B}.Debug|Any CPU.ActiveCfg = Debug|Any CPU
		{76BE13D4-7E86-4553-A3E7-762B7D1F044B}.Debug|Any CPU.Build.0 = Debug|Any CPU
		{76BE13D4-7E86-4553-A3E7-762B7D1F044B}.Release|Any CPU.ActiveCfg = Release|Any CPU
		{76BE13D4-7E86-4553-A3E7-762B7D1F044B}.Release|Any CPU.Build.0 = Release|Any CPU
	EndGlobalSection
	GlobalSection(SolutionProperties) = preSolution
		HideSolutionNode = FALSE
	EndGlobalSection
	GlobalSection(ExtensibilityGlobals) = postSolution
		SolutionGuid = {720E1779-5447-42CF-B559-ED07EB5621A8}
	EndGlobalSection
EndGlobal
